
Microsoft Visual Studio Solution File, Format Version 12.00
# Visual Studio 15
VisualStudioVersion = 15.0.28307.779
MinimumVisualStudioVersion = 10.0.40219.1
Project("{FAE04EC0-301F-11D3-BF4B-00C04F79EFBC}") = "NobelPrizeWinners.App", "NobelPrizeWinners.App\NobelPrizeWinners.App.csproj", "{DBBEA5DD-2514-4A6A-9EFB-5187A4A45920}"
EndProject
Global
	GlobalSection(SolutionConfigurationPlatforms) = preSolution
		Debug|Any CPU = Debug|Any CPU
		Release|Any CPU = Release|Any CPU
	EndGlobalSection
	GlobalSection(ProjectConfigurationPlatforms) = postSolution
		{DBBEA5DD-2514-4A6A-9EFB-5187A4A45920}.Debug|Any CPU.ActiveCfg = Debug|Any CPU
		{DBBEA5DD-2514-4A6A-9EFB-5187A4A45920}.Debug|Any CPU.Build.0 = Debug|Any CPU
		{DBBEA5DD-2514-4A6A-9EFB-5187A4A45920}.Release|Any CPU.ActiveCfg = Release|Any CPU
		{DBBEA5DD-2514-4A6A-9EFB-5187A4A45920}.Release|Any CPU.Build.0 = Release|Any CPU
	EndGlobalSection
	GlobalSection(SolutionProperties) = preSolution
		HideSolutionNode = FALSE
	EndGlobalSection
	GlobalSection(ExtensibilityGlobals) = postSolution
		SolutionGuid = {D93EF9D6-9F4D-4F5D-99C7-7D941F07B6D3}
	EndGlobalSection
EndGlobal
